
Microsoft Visual Studio Solution File, Format Version 12.00
# Visual Studio 15
VisualStudioVersion = 15.0.27004.2010
MinimumVisualStudioVersion = 10.0.40219.1
Project("{8BC9CEB8-8B4A-11D0-8D11-00A0C91BC942}") = "myEngine", "myEngine\myEngine.vcxproj", "{3FFA6463-5C19-47A0-9672-B16E0EB83560}"
EndProject
Global
	GlobalSection(SolutionConfigurationPlatforms) = preSolution
		Debug|x64 = Debug|x64
		Debug|x86 = Debug|x86
		Release|x64 = Release|x64
		Release|x86 = Release|x86
	EndGlobalSection
	GlobalSection(ProjectConfigurationPlatforms) = postSolution
		{3FFA6463-5C19-47A0-9672-B16E0EB83560}.Debug|x64.ActiveCfg = Debug|x64
		{3FFA6463-5C19-47A0-9672-B16E0EB83560}.Debug|x64.Build.0 = Debug|x64
		{3FFA6463-5C19-47A0-9672-B16E0EB83560}.Debug|x86.ActiveCfg = Debug|Win32
		{3FFA6463-5C19-47A0-9672-B16E0EB83560}.Debug|x86.Build.0 = Debug|Win32
		{3FFA6463-5C19-47A0-9672-B16E0EB83560}.Release|x64.ActiveCfg = Release|x64
		{3FFA6463-5C19-47A0-9672-B16E0EB83560}.Release|x64.Build.0 = Release|x64
		{3FFA6463-5C19-47A0-9672-B16E0EB83560}.Release|x86.ActiveCfg = Release|Win32
		{3FFA6463-5C19-47A0-9672-B16E0EB83560}.Release|x86.Build.0 = Release|Win32
	EndGlobalSection
	GlobalSection(SolutionProperties) = preSolution
		HideSolutionNode = FALSE
	EndGlobalSection
	GlobalSection(ExtensibilityGlobals) = postSolution
		SolutionGuid = {61DB50E3-E881-4AC8-8A37-CDB67E7C0878}
	EndGlobalSection
EndGlobal
